
Microsoft Visual Studio Solution File, Format Version 12.00
# Visual Studio Version 17
VisualStudioVersion = 17.1.32328.378
MinimumVisualStudioVersion = 10.0.40219.1
Project("{FAE04EC0-301F-11D3-BF4B-00C04F79EFBC}") = "ITMO.124-16.Leontev.Algorithm6", "ITMO.124-16.Leontev.Algorithm6\ITMO.124-16.Leontev.Algorithm6.csproj", "{E7744EFA-664C-4C8F-9868-18981268B8F5}"
EndProject
Global
	GlobalSection(SolutionConfigurationPlatforms) = preSolution
		Debug|Any CPU = Debug|Any CPU
		Release|Any CPU = Release|Any CPU
	EndGlobalSection
	GlobalSection(ProjectConfigurationPlatforms) = postSolution
		{E7744EFA-664C-4C8F-9868-18981268B8F5}.Debug|Any CPU.ActiveCfg = Debug|Any CPU
		{E7744EFA-664C-4C8F-9868-18981268B8F5}.Debug|Any CPU.Build.0 = Debug|Any CPU
		{E7744EFA-664C-4C8F-9868-18981268B8F5}.Release|Any CPU.ActiveCfg = Release|Any CPU
		{E7744EFA-664C-4C8F-9868-18981268B8F5}.Release|Any CPU.Build.0 = Release|Any CPU
	EndGlobalSection
	GlobalSection(SolutionProperties) = preSolution
		HideSolutionNode = FALSE
	EndGlobalSection
	GlobalSection(ExtensibilityGlobals) = postSolution
		SolutionGuid = {5A74EE27-1D45-43CA-B2CB-0DF7B41637AC}
	EndGlobalSection
EndGlobal
